langcode: en
status: true
dependencies:
  config:
    - block_visibility_groups.block_visibility_group.recommended_sites_blocks
    - views.view.recommended_sites_view_block
  module:
    - block_visibility_groups
    - system
    - views
  theme:
    - bootstrap_sub
id: bootstrap_sub_views_block__recommended_sites_view_block_recom_sites_view_block
theme: bootstrap_sub
region: content
weight: -5
provider: null
plugin: 'views_block:recommended_sites_view_block-recom_sites_view_block'
settings:
  id: 'views_block:recommended_sites_view_block-recom_sites_view_block'
  label: ''
  provider: views
  label_display: '0'
  views_label: ''
  items_per_page: none
visibility:
  request_path:
    id: request_path
    pages: /recommended-sites
    negate: false
    context_mapping: {  }
  condition_group:
    id: condition_group
    negate: false
    block_visibility_group: recommended_sites_blocks
    context_mapping: {  }
